
Microsoft Visual Studio Solution File, Format Version 12.00
# Visual Studio Version 16
VisualStudioVersion = 25.0.1706.9
MinimumVisualStudioVersion = 10.0.40219.1
Project("{FAE04EC0-301F-11D3-BF4B-00C04F79EFBC}") = "MonoGame.Framework.DesktopGL.Mac", "MonoGame.Framework.DesktopGL.Mac.csproj", "{FF7689EA-A389-4B7C-9E50-D67F170BCE69}"
EndProject
Global
	GlobalSection(SolutionConfigurationPlatforms) = preSolution
		Debug|Any CPU = Debug|Any CPU
		Release|Any CPU = Release|Any CPU
	EndGlobalSection
	GlobalSection(ProjectConfigurationPlatforms) = postSolution
		{FF7689EA-A389-4B7C-9E50-D67F170BCE69}.Debug|Any CPU.ActiveCfg = Debug|Any CPU
		{FF7689EA-A389-4B7C-9E50-D67F170BCE69}.Debug|Any CPU.Build.0 = Debug|Any CPU
		{FF7689EA-A389-4B7C-9E50-D67F170BCE69}.Release|Any CPU.ActiveCfg = Release|Any CPU
		{FF7689EA-A389-4B7C-9E50-D67F170BCE69}.Release|Any CPU.Build.0 = Release|Any CPU
	EndGlobalSection
	GlobalSection(SolutionProperties) = preSolution
		HideSolutionNode = FALSE
	EndGlobalSection
	GlobalSection(ExtensibilityGlobals) = postSolution
		SolutionGuid = {6C9F8DC4-8B49-417D-953C-B96A47ECEA12}
	EndGlobalSection
EndGlobal
